
Microsoft Visual Studio Solution File, Format Version 12.00
# Visual Studio Version 17
VisualStudioVersion = 17.3.32811.315
MinimumVisualStudioVersion = 10.0.40219.1
Project("{FAE04EC0-301F-11D3-BF4B-00C04F79EFBC}") = "txt10", "txt10\txt10.csproj", "{72A58489-7E4C-4958-A54F-5D91117EAC0C}"
EndProject
Global
	GlobalSection(SolutionConfigurationPlatforms) = preSolution
		Debug|Any CPU = Debug|Any CPU
		Release|Any CPU = Release|Any CPU
	EndGlobalSection
	GlobalSection(ProjectConfigurationPlatforms) = postSolution
		{72A58489-7E4C-4958-A54F-5D91117EAC0C}.Debug|Any CPU.ActiveCfg = Debug|Any CPU
		{72A58489-7E4C-4958-A54F-5D91117EAC0C}.Debug|Any CPU.Build.0 = Debug|Any CPU
		{72A58489-7E4C-4958-A54F-5D91117EAC0C}.Release|Any CPU.ActiveCfg = Release|Any CPU
		{72A58489-7E4C-4958-A54F-5D91117EAC0C}.Release|Any CPU.Build.0 = Release|Any CPU
	EndGlobalSection
	GlobalSection(SolutionProperties) = preSolution
		HideSolutionNode = FALSE
	EndGlobalSection
	GlobalSection(ExtensibilityGlobals) = postSolution
		SolutionGuid = {3C9DA4DA-FC95-4706-829F-0A36BF046994}
	EndGlobalSection
EndGlobal
